// !$*UTF8*$!
{
	archiveVersion = 1;
	classes = {
	};
	objectVersion = 56;
	objects = {

/* Begin PBXBuildFile section */
		59987C5B2B4B0932006E2029 /* PantreeApp.swift in Sources */ = {isa = PBXBuildFile; fileRef = 59987C5A2B4B0932006E2029 /* PantreeApp.swift */; };
		59987C5D2B4B0932006E2029 /* ContentView.swift in Sources */ = {isa = PBXBuildFile; fileRef = 59987C5C2B4B0932006E2029 /* ContentView.swift */; };
		59987C612B4B0934006E2029 /* Assets.xcassets in Resources */ = {isa = PBXBuildFile; fileRef = 59987C602B4B0934006E2029 /* Assets.xcassets */; };
		59987C642B4B0934006E2029 /* Preview Assets.xcassets in Resources */ = {isa = PBXBuildFile; fileRef = 59987C632B4B0934006E2029 /* Preview Assets.xcassets */; };
		59987C6C2B4B0ACF006E2029 /* DashboardScreen.swift in Sources */ = {isa = PBXBuildFile; fileRef = 59987C6B2B4B0ACF006E2029 /* DashboardScreen.swift */; };
		59987C742B4B59A7006E2029 /* DesignConstants.swift in Sources */ = {isa = PBXBuildFile; fileRef = 59987C732B4B59A7006E2029 /* DesignConstants.swift */; };
		59987C762B4B5BDB006E2029 /* Grocery.swift in Sources */ = {isa = PBXBuildFile; fileRef = 59987C752B4B5BDB006E2029 /* Grocery.swift */; };
		59987C782B4B5F6B006E2029 /* GroceryItem.swift in Sources */ = {isa = PBXBuildFile; fileRef = 59987C772B4B5F6B006E2029 /* GroceryItem.swift */; };
		59987C822B4B6BE2006E2029 /* ShoppingListWidgetView.swift in Sources */ = {isa = PBXBuildFile; fileRef = 59987C812B4B6BE2006E2029 /* ShoppingListWidgetView.swift */; };
		59987C852B4B6E68006E2029 /* CustomSegmentedControl.swift in Sources */ = {isa = PBXBuildFile; fileRef = 59987C842B4B6E68006E2029 /* CustomSegmentedControl.swift */; };
		59E5F2392B4C3F680096914E /* ShoppingSuggestionWidgetView.swift in Sources */ = {isa = PBXBuildFile; fileRef = 59E5F2382B4C3F680096914E /* ShoppingSuggestionWidgetView.swift */; };
		59E5F2412B4C45F40096914E /* PantryType.swift in Sources */ = {isa = PBXBuildFile; fileRef = 59E5F2402B4C45F40096914E /* PantryType.swift */; };
		59E733E32B4C5CE100A459C1 /* SearchBarView.swift in Sources */ = {isa = PBXBuildFile; fileRef = 59E733E22B4C5CE100A459C1 /* SearchBarView.swift */; };
		59E733E52B4C616300A459C1 /* ShoppingListScreen.swift in Sources */ = {isa = PBXBuildFile; fileRef = 59E733E42B4C616300A459C1 /* ShoppingListScreen.swift */; };
		59E733E72B4C621300A459C1 /* GroceryDetail.swift in Sources */ = {isa = PBXBuildFile; fileRef = 59E733E62B4C621300A459C1 /* GroceryDetail.swift */; };
		59E733E92B4CB39100A459C1 /* Tabs.swift in Sources */ = {isa = PBXBuildFile; fileRef = 59E733E82B4CB39100A459C1 /* Tabs.swift */; };
		59E733EB2B4CB8C400A459C1 /* ViewX.swift in Sources */ = {isa = PBXBuildFile; fileRef = 59E733EA2B4CB8C400A459C1 /* ViewX.swift */; };
		59E733EE2B4CBD9D00A459C1 /* GroceryGrid.swift in Sources */ = {isa = PBXBuildFile; fileRef = 59E733ED2B4CBD9D00A459C1 /* GroceryGrid.swift */; };
		59E733F22B4CC77100A459C1 /* UIColorX.swift in Sources */ = {isa = PBXBuildFile; fileRef = 59E733F12B4CC77000A459C1 /* UIColorX.swift */; };
		59E733F52B4CC95400A459C1 /* ColorThiefSwift in Frameworks */ = {isa = PBXBuildFile; productRef = 59E733F42B4CC95400A459C1 /* ColorThiefSwift */; };
/* End PBXBuildFile section */

/* Begin PBXFileReference section */
		59987C572B4B0932006E2029 /* Pantree.app */ = {isa = PBXFileReference; explicitFileType = wrapper.application; includeInIndex = 0; path = Pantree.app; sourceTree = BUILT_PRODUCTS_DIR; };
		59987C5A2B4B0932006E2029 /* PantreeApp.swift */ = {isa = PBXFileReference; lastKnownFileType = sourcecode.swift; path = PantreeApp.swift; sourceTree = "<group>"; };
		59987C5C2B4B0932006E2029 /* ContentView.swift */ = {isa = PBXFileReference; lastKnownFileType = sourcecode.swift; path = ContentView.swift; sourceTree = "<group>"; };
		59987C602B4B0934006E2029 /* Assets.xcassets */ = {isa = PBXFileReference; lastKnownFileType = folder.assetcatalog; path = Assets.xcassets; sourceTree = "<group>"; };
		59987C632B4B0934006E2029 /* Preview Assets.xcassets */ = {isa = PBXFileReference; lastKnownFileType = folder.assetcatalog; path = "Preview Assets.xcassets"; sourceTree = "<group>"; };
		59987C6B2B4B0ACF006E2029 /* DashboardScreen.swift */ = {isa = PBXFileReference; lastKnownFileType = sourcecode.swift; path = DashboardScreen.swift; sourceTree = "<group>"; };
		59987C732B4B59A7006E2029 /* DesignConstants.swift */ = {isa = PBXFileReference; lastKnownFileType = sourcecode.swift; path = DesignConstants.swift; sourceTree = "<group>"; };
		59987C752B4B5BDB006E2029 /* Grocery.swift */ = {isa = PBXFileReference; lastKnownFileType = sourcecode.swift; path = Grocery.swift; sourceTree = "<group>"; };
		59987C772B4B5F6B006E2029 /* GroceryItem.swift */ = {isa = PBXFileReference; lastKnownFileType = sourcecode.swift; path = GroceryItem.swift; sourceTree = "<group>"; };
		59987C812B4B6BE2006E2029 /* ShoppingListWidgetView.swift */ = {isa = PBXFileReference; lastKnownFileType = sourcecode.swift; path = ShoppingListWidgetView.swift; sourceTree = "<group>"; };
		59987C842B4B6E68006E2029 /* CustomSegmentedControl.swift */ = {isa = PBXFileReference; lastKnownFileType = sourcecode.swift; path = CustomSegmentedControl.swift; sourceTree = "<group>"; };
		59E5F2382B4C3F680096914E /* ShoppingSuggestionWidgetView.swift */ = {isa = PBXFileReference; lastKnownFileType = sourcecode.swift; path = ShoppingSuggestionWidgetView.swift; sourceTree = "<group>"; };
		59E5F2402B4C45F40096914E /* PantryType.swift */ = {isa = PBXFileReference; lastKnownFileType = sourcecode.swift; path = PantryType.swift; sourceTree = "<group>"; };
		59E733E22B4C5CE100A459C1 /* SearchBarView.swift */ = {isa = PBXFileReference; lastKnownFileType = sourcecode.swift; path = SearchBarView.swift; sourceTree = "<group>"; };
		59E733E42B4C616300A459C1 /* ShoppingListScreen.swift */ = {isa = PBXFileReference; lastKnownFileType = sourcecode.swift; path = ShoppingListScreen.swift; sourceTree = "<group>"; };
		59E733E62B4C621300A459C1 /* GroceryDetail.swift */ = {isa = PBXFileReference; lastKnownFileType = sourcecode.swift; path = GroceryDetail.swift; sourceTree = "<group>"; };
		59E733E82B4CB39100A459C1 /* Tabs.swift */ = {isa = PBXFileReference; lastKnownFileType = sourcecode.swift; path = Tabs.swift; sourceTree = "<group>"; };
		59E733EA2B4CB8C400A459C1 /* ViewX.swift */ = {isa = PBXFileReference; lastKnownFileType = sourcecode.swift; path = ViewX.swift; sourceTree = "<group>"; };
		59E733ED2B4CBD9D00A459C1 /* GroceryGrid.swift */ = {isa = PBXFileReference; lastKnownFileType = sourcecode.swift; path = GroceryGrid.swift; sourceTree = "<group>"; };
		59E733F12B4CC77000A459C1 /* UIColorX.swift */ = {isa = PBXFileReference; lastKnownFileType = sourcecode.swift; path = UIColorX.swift; sourceTree = "<group>"; };
/* End PBXFileReference section */

/* Begin PBXFrameworksBuildPhase section */
		59987C542B4B0932006E2029 /* Frameworks */ = {
			isa = PBXFrameworksBuildPhase;
			buildActionMask = 2147483647;
			files = (
				59E733F52B4CC95400A459C1 /* ColorThiefSwift in Frameworks */,
			);
			runOnlyForDeploymentPostprocessing = 0;
		};
/* End PBXFrameworksBuildPhase section */

/* Begin PBXGroup section */
		59987C4E2B4B0932006E2029 = {
			isa = PBXGroup;
			children = (
				59987C592B4B0932006E2029 /* Pantree */,
				59987C582B4B0932006E2029 /* Products */,
			);
			sourceTree = "<group>";
		};
		59987C582B4B0932006E2029 /* Products */ = {
			isa = PBXGroup;
			children = (
				59987C572B4B0932006E2029 /* Pantree.app */,
			);
			name = Products;
			sourceTree = "<group>";
		};
		59987C592B4B0932006E2029 /* Pantree */ = {
			isa = PBXGroup;
			children = (
				59987C5A2B4B0932006E2029 /* PantreeApp.swift */,
				59987C5C2B4B0932006E2029 /* ContentView.swift */,
				59E733E82B4CB39100A459C1 /* Tabs.swift */,
				59987C6E2B4B593A006E2029 /* Code */,
				59987C712B4B596D006E2029 /* View */,
				59987C602B4B0934006E2029 /* Assets.xcassets */,
				59987C622B4B0934006E2029 /* Preview Content */,
			);
			path = Pantree;
			sourceTree = "<group>";
		};
		59987C622B4B0934006E2029 /* Preview Content */ = {
			isa = PBXGroup;
			children = (
				59987C632B4B0934006E2029 /* Preview Assets.xcassets */,
			);
			path = "Preview Content";
			sourceTree = "<group>";
		};
		59987C6A2B4B0AB4006E2029 /* Screens */ = {
			isa = PBXGroup;
			children = (
				59987C6B2B4B0ACF006E2029 /* DashboardScreen.swift */,
				59E733E42B4C616300A459C1 /* ShoppingListScreen.swift */,
				59E733E62B4C621300A459C1 /* GroceryDetail.swift */,
			);
			path = Screens;
			sourceTree = "<group>";
		};
		59987C6E2B4B593A006E2029 /* Code */ = {
			isa = PBXGroup;
			children = (
				59987C722B4B597C006E2029 /* Extensions */,
				59987C702B4B5965006E2029 /* Design */,
				59987C6F2B4B5960006E2029 /* Model */,
			);
			path = Code;
			sourceTree = "<group>";
		};
		59987C6F2B4B5960006E2029 /* Model */ = {
			isa = PBXGroup;
			children = (
				59987C792B4B6571006E2029 /* Groceries */,
			);
			path = Model;
			sourceTree = "<group>";
		};
		59987C702B4B5965006E2029 /* Design */ = {
			isa = PBXGroup;
			children = (
				59987C732B4B59A7006E2029 /* DesignConstants.swift */,
			);
			path = Design;
			sourceTree = "<group>";
		};
		59987C712B4B596D006E2029 /* View */ = {
			isa = PBXGroup;
			children = (
				59987C7E2B4B671F006E2029 /* Views */,
				59987C6A2B4B0AB4006E2029 /* Screens */,
			);
			path = View;
			sourceTree = "<group>";
		};
		59987C722B4B597C006E2029 /* Extensions */ = {
			isa = PBXGroup;
			children = (
				59E733EA2B4CB8C400A459C1 /* ViewX.swift */,
				59E733F12B4CC77000A459C1 /* UIColorX.swift */,
			);
			path = Extensions;
			sourceTree = "<group>";
		};
		59987C792B4B6571006E2029 /* Groceries */ = {
			isa = PBXGroup;
			children = (
				59987C772B4B5F6B006E2029 /* GroceryItem.swift */,
				59987C752B4B5BDB006E2029 /* Grocery.swift */,
				59E5F2402B4C45F40096914E /* PantryType.swift */,
			);
			path = Groceries;
			sourceTree = "<group>";
		};
		59987C7E2B4B671F006E2029 /* Views */ = {
			isa = PBXGroup;
			children = (
				59E733EC2B4CBD6E00A459C1 /* Dashboard */,
				59987C832B4B6E54006E2029 /* Functional */,
			);
			path = Views;
			sourceTree = "<group>";
		};
		59987C832B4B6E54006E2029 /* Functional */ = {
			isa = PBXGroup;
			children = (
				59987C842B4B6E68006E2029 /* CustomSegmentedControl.swift */,
				59E733E22B4C5CE100A459C1 /* SearchBarView.swift */,
			);
			path = Functional;
			sourceTree = "<group>";
		};
		59E733EC2B4CBD6E00A459C1 /* Dashboard */ = {
			isa = PBXGroup;
			children = (
				59987C812B4B6BE2006E2029 /* ShoppingListWidgetView.swift */,
				59E5F2382B4C3F680096914E /* ShoppingSuggestionWidgetView.swift */,
				59E733ED2B4CBD9D00A459C1 /* GroceryGrid.swift */,
			);
			path = Dashboard;
			sourceTree = "<group>";
		};
/* End PBXGroup section */

/* Begin PBXNativeTarget section */
		59987C562B4B0932006E2029 /* Pantree */ = {
			isa = PBXNativeTarget;
			buildConfigurationList = 59987C672B4B0934006E2029 /* Build configuration list for PBXNativeTarget "Pantree" */;
			buildPhases = (
				59987C532B4B0932006E2029 /* Sources */,
				59987C542B4B0932006E2029 /* Frameworks */,
				59987C552B4B0932006E2029 /* Resources */,
			);
			buildRules = (
			);
			dependencies = (
			);
			name = Pantree;
			packageProductDependencies = (
				59E733F42B4CC95400A459C1 /* ColorThiefSwift */,
			);
			productName = Pantree;
			productReference = 59987C572B4B0932006E2029 /* Pantree.app */;
			productType = "com.apple.product-type.application";
		};
/* End PBXNativeTarget section */

/* Begin PBXProject section */
		59987C4F2B4B0932006E2029 /* Project object */ = {
			isa = PBXProject;
			attributes = {
				BuildIndependentTargetsInParallel = 1;
				LastSwiftUpdateCheck = 1510;
				LastUpgradeCheck = 1510;
				TargetAttributes = {
					59987C562B4B0932006E2029 = {
						CreatedOnToolsVersion = 15.1;
					};
				};
			};
			buildConfigurationList = 59987C522B4B0932006E2029 /* Build configuration list for PBXProject "Pantree" */;
			compatibilityVersion = "Xcode 14.0";
			developmentRegion = en;
			hasScannedForEncodings = 0;
			knownRegions = (
				en,
				Base,
			);
			mainGroup = 59987C4E2B4B0932006E2029;
			packageReferences = (
				59E733F32B4CC95400A459C1 /* XCRemoteSwiftPackageReference "ColorThiefSwift" */,
			);
			productRefGroup = 59987C582B4B0932006E2029 /* Products */;
			projectDirPath = "";
			projectRoot = "";
			targets = (
				59987C562B4B0932006E2029 /* Pantree */,
			);
		};
/* End PBXProject section */

/* Begin PBXResourcesBuildPhase section */
		59987C552B4B0932006E2029 /* Resources */ = {
			isa = PBXResourcesBuildPhase;
			buildActionMask = 2147483647;
			files = (
				59987C642B4B0934006E2029 /* Preview Assets.xcassets in Resources */,
				59987C612B4B0934006E2029 /* Assets.xcassets in Resources */,
			);
			runOnlyForDeploymentPostprocessing = 0;
		};
/* End PBXResourcesBuildPhase section */

/* Begin PBXSourcesBuildPhase section */
		59987C532B4B0932006E2029 /* Sources */ = {
			isa = PBXSourcesBuildPhase;
			buildActionMask = 2147483647;
			files = (
				59E733E72B4C621300A459C1 /* GroceryDetail.swift in Sources */,
				59987C5D2B4B0932006E2029 /* ContentView.swift in Sources */,
				59E5F2392B4C3F680096914E /* ShoppingSuggestionWidgetView.swift in Sources */,
				59987C852B4B6E68006E2029 /* CustomSegmentedControl.swift in Sources */,
				59E733E32B4C5CE100A459C1 /* SearchBarView.swift in Sources */,
				59987C6C2B4B0ACF006E2029 /* DashboardScreen.swift in Sources */,
				59987C822B4B6BE2006E2029 /* ShoppingListWidgetView.swift in Sources */,
				59E733E92B4CB39100A459C1 /* Tabs.swift in Sources */,
				59E733EB2B4CB8C400A459C1 /* ViewX.swift in Sources */,
				59E5F2412B4C45F40096914E /* PantryType.swift in Sources */,
				59987C742B4B59A7006E2029 /* DesignConstants.swift in Sources */,
				59E733E52B4C616300A459C1 /* ShoppingListScreen.swift in Sources */,
				59E733F22B4CC77100A459C1 /* UIColorX.swift in Sources */,
				59987C5B2B4B0932006E2029 /* PantreeApp.swift in Sources */,
				59E733EE2B4CBD9D00A459C1 /* GroceryGrid.swift in Sources */,
				59987C762B4B5BDB006E2029 /* Grocery.swift in Sources */,
				59987C782B4B5F6B006E2029 /* GroceryItem.swift in Sources */,
			);
			runOnlyForDeploymentPostprocessing = 0;
		};
/* End PBXSourcesBuildPhase section */

/* Begin XCBuildConfiguration section */
		59987C652B4B0934006E2029 /* Debug */ = {
			isa = XCBuildConfiguration;
			buildSettings = {
				ALWAYS_SEARCH_USER_PATHS = NO;
				ASSETCATALOG_COMPILER_GENERATE_SWIFT_ASSET_SYMBOL_EXTENSIONS = YES;
				CLANG_ANALYZER_NONNULL = YES;
				CLANG_ANALYZER_NUMBER_OBJECT_CONVERSION = YES_AGGRESSIVE;
				CLANG_CXX_LANGUAGE_STANDARD = "gnu++20";
				CLANG_ENABLE_MODULES = YES;
				CLANG_ENABLE_OBJC_ARC = YES;
				CLANG_ENABLE_OBJC_WEAK = YES;
				CLANG_WARN_BLOCK_CAPTURE_AUTORELEASING = YES;
				CLANG_WARN_BOOL_CONVERSION = YES;
				CLANG_WARN_COMMA = YES;
				CLANG_WARN_CONSTANT_CONVERSION = YES;
				CLANG_WARN_DEPRECATED_OBJC_IMPLEMENTATIONS = YES;
				CLANG_WARN_DIRECT_OBJC_ISA_USAGE = YES_ERROR;
				CLANG_WARN_DOCUMENTATION_COMMENTS = YES;
				CLANG_WARN_EMPTY_BODY = YES;
				CLANG_WARN_ENUM_CONVERSION = YES;
				CLANG_WARN_INFINITE_RECURSION = YES;
				CLANG_WARN_INT_CONVERSION = YES;
				CLANG_WARN_NON_LITERAL_NULL_CONVERSION = YES;
				CLANG_WARN_OBJC_IMPLICIT_RETAIN_SELF = YES;
				CLANG_WARN_OBJC_LITERAL_CONVERSION = YES;
				CLANG_WARN_OBJC_ROOT_CLASS = YES_ERROR;
				CLANG_WARN_QUOTED_INCLUDE_IN_FRAMEWORK_HEADER = YES;
				CLANG_WARN_RANGE_LOOP_ANALYSIS = YES;
				CLANG_WARN_STRICT_PROTOTYPES = YES;
				CLANG_WARN_SUSPICIOUS_MOVE = YES;
				CLANG_WARN_UNGUARDED_AVAILABILITY = YES_AGGRESSIVE;
				CLANG_WARN_UNREACHABLE_CODE = YES;
				CLANG_WARN__DUPLICATE_METHOD_MATCH = YES;
				COPY_PHASE_STRIP = NO;
				DEBUG_INFORMATION_FORMAT = dwarf;
				ENABLE_STRICT_OBJC_MSGSEND = YES;
				ENABLE_TESTABILITY = YES;
				ENABLE_USER_SCRIPT_SANDBOXING = YES;
				GCC_C_LANGUAGE_STANDARD = gnu17;
				GCC_DYNAMIC_NO_PIC = NO;
				GCC_NO_COMMON_BLOCKS = YES;
				GCC_OPTIMIZATION_LEVEL = 0;
				GCC_PREPROCESSOR_DEFINITIONS = (
					"DEBUG=1",
					"$(inherited)",
				);
				GCC_WARN_64_TO_32_BIT_CONVERSION = YES;
				GCC_WARN_ABOUT_RETURN_TYPE = YES_ERROR;
				GCC_WARN_UNDECLARED_SELECTOR = YES;
				GCC_WARN_UNINITIALIZED_AUTOS = YES_AGGRESSIVE;
				GCC_WARN_UNUSED_FUNCTION = YES;
				GCC_WARN_UNUSED_VARIABLE = YES;
				IPHONEOS_DEPLOYMENT_TARGET = 17.2;
				LOCALIZATION_PREFERS_STRING_CATALOGS = YES;
				MTL_ENABLE_DEBUG_INFO = INCLUDE_SOURCE;
				MTL_FAST_MATH = YES;
				ONLY_ACTIVE_ARCH = YES;
				SDKROOT = iphoneos;
				SWIFT_ACTIVE_COMPILATION_CONDITIONS = "DEBUG $(inherited)";
				SWIFT_OPTIMIZATION_LEVEL = "-Onone";
			};
			name = Debug;
		};
		59987C662B4B0934006E2029 /* Release */ = {
			isa = XCBuildConfiguration;
			buildSettings = {
				ALWAYS_SEARCH_USER_PATHS = NO;
				ASSETCATALOG_COMPILER_GENERATE_SWIFT_ASSET_SYMBOL_EXTENSIONS = YES;
				CLANG_ANALYZER_NONNULL = YES;
				CLANG_ANALYZER_NUMBER_OBJECT_CONVERSION = YES_AGGRESSIVE;
				CLANG_CXX_LANGUAGE_STANDARD = "gnu++20";
				CLANG_ENABLE_MODULES = YES;
				CLANG_ENABLE_OBJC_ARC = YES;
				CLANG_ENABLE_OBJC_WEAK = YES;
				CLANG_WARN_BLOCK_CAPTURE_AUTORELEASING = YES;
				CLANG_WARN_BOOL_CONVERSION = YES;
				CLANG_WARN_COMMA = YES;
				CLANG_WARN_CONSTANT_CONVERSION = YES;
				CLANG_WARN_DEPRECATED_OBJC_IMPLEMENTATIONS = YES;
				CLANG_WARN_DIRECT_OBJC_ISA_USAGE = YES_ERROR;
				CLANG_WARN_DOCUMENTATION_COMMENTS = YES;
				CLANG_WARN_EMPTY_BODY = YES;
				CLANG_WARN_ENUM_CONVERSION = YES;
				CLANG_WARN_INFINITE_RECURSION = YES;
				CLANG_WARN_INT_CONVERSION = YES;
				CLANG_WARN_NON_LITERAL_NULL_CONVERSION = YES;
				CLANG_WARN_OBJC_IMPLICIT_RETAIN_SELF = YES;
				CLANG_WARN_OBJC_LITERAL_CONVERSION = YES;
				CLANG_WARN_OBJC_ROOT_CLASS = YES_ERROR;
				CLANG_WARN_QUOTED_INCLUDE_IN_FRAMEWORK_HEADER = YES;
				CLANG_WARN_RANGE_LOOP_ANALYSIS = YES;
				CLANG_WARN_STRICT_PROTOTYPES = YES;
				CLANG_WARN_SUSPICIOUS_MOVE = YES;
				CLANG_WARN_UNGUARDED_AVAILABILITY = YES_AGGRESSIVE;
				CLANG_WARN_UNREACHABLE_CODE = YES;
				CLANG_WARN__DUPLICATE_METHOD_MATCH = YES;
				COPY_PHASE_STRIP = NO;
				DEBUG_INFORMATION_FORMAT = "dwarf-with-dsym";
				ENABLE_NS_ASSERTIONS = NO;
				ENABLE_STRICT_OBJC_MSGSEND = YES;
				ENABLE_USER_SCRIPT_SANDBOXING = YES;
				GCC_C_LANGUAGE_STANDARD = gnu17;
				GCC_NO_COMMON_BLOCKS = YES;
				GCC_WARN_64_TO_32_BIT_CONVERSION = YES;
				GCC_WARN_ABOUT_RETURN_TYPE = YES_ERROR;
				GCC_WARN_UNDECLARED_SELECTOR = YES;
				GCC_WARN_UNINITIALIZED_AUTOS = YES_AGGRESSIVE;
				GCC_WARN_UNUSED_FUNCTION = YES;
				GCC_WARN_UNUSED_VARIABLE = YES;
				IPHONEOS_DEPLOYMENT_TARGET = 17.2;
				LOCALIZATION_PREFERS_STRING_CATALOGS = YES;
				MTL_ENABLE_DEBUG_INFO = NO;
				MTL_FAST_MATH = YES;
				SDKROOT = iphoneos;
				SWIFT_COMPILATION_MODE = wholemodule;
				VALIDATE_PRODUCT = YES;
			};
			name = Release;
		};
		59987C682B4B0934006E2029 /* Debug */ = {
			isa = XCBuildConfiguration;
			buildSettings = {
				ASSETCATALOG_COMPILER_APPICON_NAME = AppIcon;
				ASSETCATALOG_COMPILER_GLOBAL_ACCENT_COLOR_NAME = AccentColor;
				CODE_SIGN_STYLE = Automatic;
				CURRENT_PROJECT_VERSION = 1;
				DEVELOPMENT_ASSET_PATHS = "\"Pantree/Preview Content\"";
				DEVELOPMENT_TEAM = S84RUV98N8;
				ENABLE_PREVIEWS = YES;
				GENERATE_INFOPLIST_FILE = YES;
				INFOPLIST_KEY_UIApplicationSceneManifest_Generation = YES;
				INFOPLIST_KEY_UIApplicationSupportsIndirectInputEvents = YES;
				INFOPLIST_KEY_UILaunchScreen_Generation = YES;
				INFOPLIST_KEY_UISupportedInterfaceOrientations_iPad = "UIInterfaceOrientationPortrait UIInterfaceOrientationPortraitUpsideDown UIInterfaceOrientationLandscapeLeft UIInterfaceOrientationLandscapeRight";
				INFOPLIST_KEY_UISupportedInterfaceOrientations_iPhone = "UIInterfaceOrientationPortrait UIInterfaceOrientationLandscapeLeft UIInterfaceOrientationLandscapeRight";
				LD_RUNPATH_SEARCH_PATHS = (
					"$(inherited)",
					"@executable_path/Frameworks",
				);
				MARKETING_VERSION = 1.0;
				PRODUCT_BUNDLE_IDENTIFIER = com.sindreoyen.Pantree;
				PRODUCT_NAME = "$(TARGET_NAME)";
				SWIFT_EMIT_LOC_STRINGS = YES;
				SWIFT_VERSION = 5.0;
				TARGETED_DEVICE_FAMILY = "1,2";
			};
			name = Debug;
		};
		59987C692B4B0934006E2029 /* Release */ = {
			isa = XCBuildConfiguration;
			buildSettings = {
				ASSETCATALOG_COMPILER_APPICON_NAME = AppIcon;
				ASSETCATALOG_COMPILER_GLOBAL_ACCENT_COLOR_NAME = AccentColor;
				CODE_SIGN_STYLE = Automatic;
				CURRENT_PROJECT_VERSION = 1;
				DEVELOPMENT_ASSET_PATHS = "\"Pantree/Preview Content\"";
				DEVELOPMENT_TEAM = S84RUV98N8;
				ENABLE_PREVIEWS = YES;
				GENERATE_INFOPLIST_FILE = YES;
				INFOPLIST_KEY_UIApplicationSceneManifest_Generation = YES;
				INFOPLIST_KEY_UIApplicationSupportsIndirectInputEvents = YES;
				INFOPLIST_KEY_UILaunchScreen_Generation = YES;
				INFOPLIST_KEY_UISupportedInterfaceOrientations_iPad = "UIInterfaceOrientationPortrait UIInterfaceOrientationPortraitUpsideDown UIInterfaceOrientationLandscapeLeft UIInterfaceOrientationLandscapeRight";
				INFOPLIST_KEY_UISupportedInterfaceOrientations_iPhone = "UIInterfaceOrientationPortrait UIInterfaceOrientationLandscapeLeft UIInterfaceOrientationLandscapeRight";
				LD_RUNPATH_SEARCH_PATHS = (
					"$(inherited)",
					"@executable_path/Frameworks",
				);
				MARKETING_VERSION = 1.0;
				PRODUCT_BUNDLE_IDENTIFIER = com.sindreoyen.Pantree;
				PRODUCT_NAME = "$(TARGET_NAME)";
				SWIFT_EMIT_LOC_STRINGS = YES;
				SWIFT_VERSION = 5.0;
				TARGETED_DEVICE_FAMILY = "1,2";
			};
			name = Release;
		};
/* End XCBuildConfiguration section */

/* Begin XCConfigurationList section */
		59987C522B4B0932006E2029 /* Build configuration list for PBXProject "Pantree" */ = {
			isa = XCConfigurationList;
			buildConfigurations = (
				59987C652B4B0934006E2029 /* Debug */,
				59987C662B4B0934006E2029 /* Release */,
			);
			defaultConfigurationIsVisible = 0;
			defaultConfigurationName = Release;
		};
		59987C672B4B0934006E2029 /* Build configuration list for PBXNativeTarget "Pantree" */ = {
			isa = XCConfigurationList;
			buildConfigurations = (
				59987C682B4B0934006E2029 /* Debug */,
				59987C692B4B0934006E2029 /* Release */,
			);
			defaultConfigurationIsVisible = 0;
			defaultConfigurationName = Release;
		};
/* End XCConfigurationList section */

/* Begin XCRemoteSwiftPackageReference section */
		59E733F32B4CC95400A459C1 /* XCRemoteSwiftPackageReference "ColorThiefSwift" */ = {
			isa = XCRemoteSwiftPackageReference;
			repositoryURL = "https://github.com/yamoridon/ColorThiefSwift.git";
			requirement = {
				kind = upToNextMajorVersion;
				minimumVersion = 0.4.2;
			};
		};
/* End XCRemoteSwiftPackageReference section */

/* Begin XCSwiftPackageProductDependency section */
		59E733F42B4CC95400A459C1 /* ColorThiefSwift */ = {
			isa = XCSwiftPackageProductDependency;
			package = 59E733F32B4CC95400A459C1 /* XCRemoteSwiftPackageReference "ColorThiefSwift" */;
			productName = ColorThiefSwift;
		};
/* End XCSwiftPackageProductDependency section */
	};
	rootObject = 59987C4F2B4B0932006E2029 /* Project object */;
}
